PODS:
  - Alamofire (5.2.1)
  - SnapKit (5.0.1)

DEPENDENCIES:
  - Alamofire
  - SnapKit

SPEC REPOS:
  trunk:
    - Alamofire
    - SnapKit

SPEC CHECKSUMS:
  Alamofire: e911732990610fe89af59ac0077f923d72dc3dfd
  SnapKit: 97b92857e3df3a0c71833cce143274bf6ef8e5eb

PODFILE CHECKSUM: a2c3d32d2c0d9f250e5cf246309bd97a9edabf6b

COCOAPODS: 1.9.3
